
Microsoft Visual Studio Solution File, Format Version 12.00
# Visual Studio Version 17
VisualStudioVersion = 17.10.34928.147
MinimumVisualStudioVersion = 10.0.40219.1
Project("{9092AA53-FB77-4645-B42D-1CCCA6BD08BD}") = "ExpressApp1", "ExpressApp1\ExpressApp1.njsproj", "{6CA565E4-0C63-4125-ABC2-2EEE6C0D2181}"
EndProject
Global
	GlobalSection(SolutionConfigurationPlatforms) = preSolution
		Debug|Any CPU = Debug|Any CPU
		Release|Any CPU = Release|Any CPU
	EndGlobalSection
	GlobalSection(ProjectConfigurationPlatforms) = postSolution
		{6CA565E4-0C63-4125-ABC2-2EEE6C0D2181}.Debug|Any CPU.ActiveCfg = Debug|Any CPU
		{6CA565E4-0C63-4125-ABC2-2EEE6C0D2181}.Debug|Any CPU.Build.0 = Debug|Any CPU
		{6CA565E4-0C63-4125-ABC2-2EEE6C0D2181}.Release|Any CPU.ActiveCfg = Release|Any CPU
		{6CA565E4-0C63-4125-ABC2-2EEE6C0D2181}.Release|Any CPU.Build.0 = Release|Any CPU
	EndGlobalSection
	GlobalSection(SolutionProperties) = preSolution
		HideSolutionNode = FALSE
	EndGlobalSection
	GlobalSection(ExtensibilityGlobals) = postSolution
		SolutionGuid = {1E45F67E-6C26-431D-9325-EB0F689860C2}
	EndGlobalSection
EndGlobal
